
Microsoft Visual Studio Solution File, Format Version 12.00
# Visual Studio Version 17
VisualStudioVersion = 17.14.37301.10
MinimumVisualStudioVersion = 10.0.40219.1
Project("{FAE04EC0-301F-11D3-BF4B-00C04F79EFBC}") = "SkillTree", "SkillTree\SkillTree.csproj", "{5CCA93FD-06C6-4508-8D59-2230324E852A}"
EndProject
Project("{FAE04EC0-301F-11D3-BF4B-00C04F79EFBC}") = "Domain", "Domain\Domain.csproj", "{5DE521E7-870D-4193-BEC3-482978E863A1}"
EndProject
Project("{FAE04EC0-301F-11D3-BF4B-00C04F79EFBC}") = "Services", "Services\Services.csproj", "{B51B5703-4498-47E5-A14A-2C0C6F0A5A04}"
EndProject
Project("{FAE04EC0-301F-11D3-BF4B-00C04F79EFBC}") = "Infrastructure", "Infrastructure\Infrastructure.csproj", "{98452462-6B6B-43EC-807F-35400FE6D06B}"
EndProject
Global
	GlobalSection(SolutionConfigurationPlatforms) = preSolution
		Debug|Any CPU = Debug|Any CPU
		Release|Any CPU = Release|Any CPU
	EndGlobalSection
	GlobalSection(ProjectConfigurationPlatforms) = postSolution
		{5CCA93FD-06C6-4508-8D59-2230324E852A}.Debug|Any CPU.ActiveCfg = Debug|Any CPU
		{5CCA93FD-06C6-4508-8D59-2230324E852A}.Debug|Any CPU.Build.0 = Debug|Any CPU
		{5CCA93FD-06C6-4508-8D59-2230324E852A}.Release|Any CPU.ActiveCfg = Release|Any CPU
		{5CCA93FD-06C6-4508-8D59-2230324E852A}.Release|Any CPU.Build.0 = Release|Any CPU
		{5DE521E7-870D-4193-BEC3-482978E863A1}.Debug|Any CPU.ActiveCfg = Debug|Any CPU
		{5DE521E7-870D-4193-BEC3-482978E863A1}.Debug|Any CPU.Build.0 = Debug|Any CPU
		{5DE521E7-870D-4193-BEC3-482978E863A1}.Release|Any CPU.ActiveCfg = Release|Any CPU
		{5DE521E7-870D-4193-BEC3-482978E863A1}.Release|Any CPU.Build.0 = Release|Any CPU
		{B51B5703-4498-47E5-A14A-2C0C6F0A5A04}.Debug|Any CPU.ActiveCfg = Debug|Any CPU
		{B51B5703-4498-47E5-A14A-2C0C6F0A5A04}.Debug|Any CPU.Build.0 = Debug|Any CPU
		{B51B5703-4498-47E5-A14A-2C0C6F0A5A04}.Release|Any CPU.ActiveCfg = Release|Any CPU
		{B51B5703-4498-47E5-A14A-2C0C6F0A5A04}.Release|Any CPU.Build.0 = Release|Any CPU
		{98452462-6B6B-43EC-807F-35400FE6D06B}.Debug|Any CPU.ActiveCfg = Debug|Any CPU
		{98452462-6B6B-43EC-807F-35400FE6D06B}.Debug|Any CPU.Build.0 = Debug|Any CPU
		{98452462-6B6B-43EC-807F-35400FE6D06B}.Release|Any CPU.ActiveCfg = Release|Any CPU
		{98452462-6B6B-43EC-807F-35400FE6D06B}.Release|Any CPU.Build.0 = Release|Any CPU
	EndGlobalSection
	GlobalSection(SolutionProperties) = preSolution
		HideSolutionNode = FALSE
	EndGlobalSection
	GlobalSection(ExtensibilityGlobals) = postSolution
		SolutionGuid = {3F4CCF7F-7286-4EB6-B6D0-4947CE2856A6}
	EndGlobalSection
EndGlobal
